
Microsoft Visual Studio Solution File, Format Version 12.00
# Visual Studio 15
VisualStudioVersion = 15.0.27703.2035
MinimumVisualStudioVersion = 10.0.40219.1
Project("{FAE04EC0-301F-11D3-BF4B-00C04F79EFBC}") = "projeto-teste", "projeto-teste\projeto-teste.csproj", "{B629F11B-27A9-4C1D-98A6-BB8B94EA9E4B}"
EndProject
Global
	GlobalSection(SolutionConfigurationPlatforms) = preSolution
		Debug|Any CPU = Debug|Any CPU
		Release|Any CPU = Release|Any CPU
	EndGlobalSection
	GlobalSection(ProjectConfigurationPlatforms) = postSolution
		{B629F11B-27A9-4C1D-98A6-BB8B94EA9E4B}.Debug|Any CPU.ActiveCfg = Debug|Any CPU
		{B629F11B-27A9-4C1D-98A6-BB8B94EA9E4B}.Debug|Any CPU.Build.0 = Debug|Any CPU
		{B629F11B-27A9-4C1D-98A6-BB8B94EA9E4B}.Release|Any CPU.ActiveCfg = Release|Any CPU
		{B629F11B-27A9-4C1D-98A6-BB8B94EA9E4B}.Release|Any CPU.Build.0 = Release|Any CPU
	EndGlobalSection
	GlobalSection(SolutionProperties) = preSolution
		HideSolutionNode = FALSE
	EndGlobalSection
	GlobalSection(ExtensibilityGlobals) = postSolution
		SolutionGuid = {6F76DD26-293F-41DF-A62A-46B0E4A758BE}
	EndGlobalSection
EndGlobal
